
Microsoft Visual Studio Solution File, Format Version 12.00
# Visual Studio 15
VisualStudioVersion = 15.0.28307.572
MinimumVisualStudioVersion = 10.0.40219.1
Project("{FAE04EC0-301F-11D3-BF4B-00C04F79EFBC}") = "PresentacionWindows", "PresentacionWindows\PresentacionWindows.csproj", "{8625CD42-4F82-4066-8BB1-A0B62E7DB528}"
EndProject
Project("{FAE04EC0-301F-11D3-BF4B-00C04F79EFBC}") = "Dominio", "Dominio\Dominio.csproj", "{BA5515B4-A206-4A0C-B87D-94328551DE17}"
EndProject
Project("{FAE04EC0-301F-11D3-BF4B-00C04F79EFBC}") = "AccesoDatos", "AccesoDatos\AccesoDatos.csproj", "{B2CA691B-0B63-4D6E-9119-7FDBF0E8B865}"
EndProject
Project("{FAE04EC0-301F-11D3-BF4B-00C04F79EFBC}") = "Negocio", "Negocio\Negocio.csproj", "{2DD5137C-37BB-4C5C-A3D1-EB199720FBF7}"
EndProject
Project("{FAE04EC0-301F-11D3-BF4B-00C04F79EFBC}") = "WebApp", "WebApplication1\WebApp.csproj", "{0691A11D-EE33-49CD-826B-A66DCFCC829D}"
EndProject
Global
	GlobalSection(SolutionConfigurationPlatforms) = preSolution
		Debug|Any CPU = Debug|Any CPU
		Release|Any CPU = Release|Any CPU
	EndGlobalSection
	GlobalSection(ProjectConfigurationPlatforms) = postSolution
		{8625CD42-4F82-4066-8BB1-A0B62E7DB528}.Debug|Any CPU.ActiveCfg = Debug|Any CPU
		{8625CD42-4F82-4066-8BB1-A0B62E7DB528}.Debug|Any CPU.Build.0 = Debug|Any CPU
		{8625CD42-4F82-4066-8BB1-A0B62E7DB528}.Release|Any CPU.ActiveCfg = Release|Any CPU
		{8625CD42-4F82-4066-8BB1-A0B62E7DB528}.Release|Any CPU.Build.0 = Release|Any CPU
		{BA5515B4-A206-4A0C-B87D-94328551DE17}.Debug|Any CPU.ActiveCfg = Debug|Any CPU
		{BA5515B4-A206-4A0C-B87D-94328551DE17}.Debug|Any CPU.Build.0 = Debug|Any CPU
		{BA5515B4-A206-4A0C-B87D-94328551DE17}.Release|Any CPU.ActiveCfg = Release|Any CPU
		{BA5515B4-A206-4A0C-B87D-94328551DE17}.Release|Any CPU.Build.0 = Release|Any CPU
		{B2CA691B-0B63-4D6E-9119-7FDBF0E8B865}.Debug|Any CPU.ActiveCfg = Debug|Any CPU
		{B2CA691B-0B63-4D6E-9119-7FDBF0E8B865}.Debug|Any CPU.Build.0 = Debug|Any CPU
		{B2CA691B-0B63-4D6E-9119-7FDBF0E8B865}.Release|Any CPU.ActiveCfg = Release|Any CPU
		{B2CA691B-0B63-4D6E-9119-7FDBF0E8B865}.Release|Any CPU.Build.0 = Release|Any CPU
		{2DD5137C-37BB-4C5C-A3D1-EB199720FBF7}.Debug|Any CPU.ActiveCfg = Debug|Any CPU
		{2DD5137C-37BB-4C5C-A3D1-EB199720FBF7}.Debug|Any CPU.Build.0 = Debug|Any CPU
		{2DD5137C-37BB-4C5C-A3D1-EB199720FBF7}.Release|Any CPU.ActiveCfg = Release|Any CPU
		{2DD5137C-37BB-4C5C-A3D1-EB199720FBF7}.Release|Any CPU.Build.0 = Release|Any CPU
		{0691A11D-EE33-49CD-826B-A66DCFCC829D}.Debug|Any CPU.ActiveCfg = Debug|Any CPU
		{0691A11D-EE33-49CD-826B-A66DCFCC829D}.Debug|Any CPU.Build.0 = Debug|Any CPU
		{0691A11D-EE33-49CD-826B-A66DCFCC829D}.Release|Any CPU.ActiveCfg = Release|Any CPU
		{0691A11D-EE33-49CD-826B-A66DCFCC829D}.Release|Any CPU.Build.0 = Release|Any CPU
	EndGlobalSection
	GlobalSection(SolutionProperties) = preSolution
		HideSolutionNode = FALSE
	EndGlobalSection
	GlobalSection(ExtensibilityGlobals) = postSolution
		SolutionGuid = {AFE4AE74-E4F3-42DE-85C5-6C2862773B36}
	EndGlobalSection
EndGlobal
